
Microsoft Visual Studio Solution File, Format Version 12.00
# Visual Studio Version 16
VisualStudioVersion = 16.0.29324.140
MinimumVisualStudioVersion = 15.0.26124.0
Project("{9A19103F-16F7-4668-BE54-9A1E7A4F7556}") = "PlanetBinary.Web", "PlanetBinary.Web\PlanetBinary.Web.csproj", "{BAB7D448-A146-43C3-ACA4-D9DC2AD07504}"
EndProject
Project("{FAE04EC0-301F-11D3-BF4B-00C04F79EFBC}") = "PlanetBinary.Common", "PlanetBinary.Common\PlanetBinary.Common.csproj", "{DA8EC03B-A437-41AE-B2C0-F46A582012F5}"
EndProject
Project("{FAE04EC0-301F-11D3-BF4B-00C04F79EFBC}") = "PlanetBinary.Core", "PlanetBinary.Core\PlanetBinary.Core.csproj", "{8F5B3C8A-0005-430A-85BB-21CC070BD70E}"
EndProject
Project("{FAE04EC0-301F-11D3-BF4B-00C04F79EFBC}") = "PlanetBinary.Services", "PlanetBinary.Services\PlanetBinary.Services.csproj", "{BFFFD3A8-36AB-41A5-9E6F-5D2F9C36452B}"
EndProject
Project("{FAE04EC0-301F-11D3-BF4B-00C04F79EFBC}") = "PlanetBinary.Data", "PlanetBinary.Data\PlanetBinary.Data.csproj", "{DCAFD791-865F-4A7E-9ECD-9C2B75BEBF44}"
EndProject
Global
	GlobalSection(SolutionConfigurationPlatforms) = preSolution
		Debug|Any CPU = Debug|Any CPU
		Debug|x64 = Debug|x64
		Debug|x86 = Debug|x86
		Release|Any CPU = Release|Any CPU
		Release|x64 = Release|x64
		Release|x86 = Release|x86
	EndGlobalSection
	GlobalSection(ProjectConfigurationPlatforms) = postSolution
		{BAB7D448-A146-43C3-ACA4-D9DC2AD07504}.Debug|Any CPU.ActiveCfg = Debug|Any CPU
		{BAB7D448-A146-43C3-ACA4-D9DC2AD07504}.Debug|Any CPU.Build.0 = Debug|Any CPU
		{BAB7D448-A146-43C3-ACA4-D9DC2AD07504}.Debug|x64.ActiveCfg = Debug|Any CPU
		{BAB7D448-A146-43C3-ACA4-D9DC2AD07504}.Debug|x64.Build.0 = Debug|Any CPU
		{BAB7D448-A146-43C3-ACA4-D9DC2AD07504}.Debug|x86.ActiveCfg = Debug|Any CPU
		{BAB7D448-A146-43C3-ACA4-D9DC2AD07504}.Debug|x86.Build.0 = Debug|Any CPU
		{BAB7D448-A146-43C3-ACA4-D9DC2AD07504}.Release|Any CPU.ActiveCfg = Release|Any CPU
		{BAB7D448-A146-43C3-ACA4-D9DC2AD07504}.Release|Any CPU.Build.0 = Release|Any CPU
		{BAB7D448-A146-43C3-ACA4-D9DC2AD07504}.Release|x64.ActiveCfg = Release|Any CPU
		{BAB7D448-A146-43C3-ACA4-D9DC2AD07504}.Release|x64.Build.0 = Release|Any CPU
		{BAB7D448-A146-43C3-ACA4-D9DC2AD07504}.Release|x86.ActiveCfg = Release|Any CPU
		{BAB7D448-A146-43C3-ACA4-D9DC2AD07504}.Release|x86.Build.0 = Release|Any CPU
		{DA8EC03B-A437-41AE-B2C0-F46A582012F5}.Debug|Any CPU.ActiveCfg = Debug|Any CPU
		{DA8EC03B-A437-41AE-B2C0-F46A582012F5}.Debug|Any CPU.Build.0 = Debug|Any CPU
		{DA8EC03B-A437-41AE-B2C0-F46A582012F5}.Debug|x64.ActiveCfg = Debug|Any CPU
		{DA8EC03B-A437-41AE-B2C0-F46A582012F5}.Debug|x64.Build.0 = Debug|Any CPU
		{DA8EC03B-A437-41AE-B2C0-F46A582012F5}.Debug|x86.ActiveCfg = Debug|Any CPU
		{DA8EC03B-A437-41AE-B2C0-F46A582012F5}.Debug|x86.Build.0 = Debug|Any CPU
		{DA8EC03B-A437-41AE-B2C0-F46A582012F5}.Release|Any CPU.ActiveCfg = Release|Any CPU
		{DA8EC03B-A437-41AE-B2C0-F46A582012F5}.Release|Any CPU.Build.0 = Release|Any CPU
		{DA8EC03B-A437-41AE-B2C0-F46A582012F5}.Release|x64.ActiveCfg = Release|Any CPU
		{DA8EC03B-A437-41AE-B2C0-F46A582012F5}.Release|x64.Build.0 = Release|Any CPU
		{DA8EC03B-A437-41AE-B2C0-F46A582012F5}.Release|x86.ActiveCfg = Release|Any CPU
		{DA8EC03B-A437-41AE-B2C0-F46A582012F5}.Release|x86.Build.0 = Release|Any CPU
		{8F5B3C8A-0005-430A-85BB-21CC070BD70E}.Debug|Any CPU.ActiveCfg = Debug|Any CPU
		{8F5B3C8A-0005-430A-85BB-21CC070BD70E}.Debug|Any CPU.Build.0 = Debug|Any CPU
		{8F5B3C8A-0005-430A-85BB-21CC070BD70E}.Debug|x64.ActiveCfg = Debug|Any CPU
		{8F5B3C8A-0005-430A-85BB-21CC070BD70E}.Debug|x64.Build.0 = Debug|Any CPU
		{8F5B3C8A-0005-430A-85BB-21CC070BD70E}.Debug|x86.ActiveCfg = Debug|Any CPU
		{8F5B3C8A-0005-430A-85BB-21CC070BD70E}.Debug|x86.Build.0 = Debug|Any CPU
		{8F5B3C8A-0005-430A-85BB-21CC070BD70E}.Release|Any CPU.ActiveCfg = Release|Any CPU
		{8F5B3C8A-0005-430A-85BB-21CC070BD70E}.Release|Any CPU.Build.0 = Release|Any CPU
		{8F5B3C8A-0005-430A-85BB-21CC070BD70E}.Release|x64.ActiveCfg = Release|Any CPU
		{8F5B3C8A-0005-430A-85BB-21CC070BD70E}.Release|x64.Build.0 = Release|Any CPU
		{8F5B3C8A-0005-430A-85BB-21CC070BD70E}.Release|x86.ActiveCfg = Release|Any CPU
		{8F5B3C8A-0005-430A-85BB-21CC070BD70E}.Release|x86.Build.0 = Release|Any CPU
		{BFFFD3A8-36AB-41A5-9E6F-5D2F9C36452B}.Debug|Any CPU.ActiveCfg = Debug|Any CPU
		{BFFFD3A8-36AB-41A5-9E6F-5D2F9C36452B}.Debug|Any CPU.Build.0 = Debug|Any CPU
		{BFFFD3A8-36AB-41A5-9E6F-5D2F9C36452B}.Debug|x64.ActiveCfg = Debug|Any CPU
		{BFFFD3A8-36AB-41A5-9E6F-5D2F9C36452B}.Debug|x64.Build.0 = Debug|Any CPU
		{BFFFD3A8-36AB-41A5-9E6F-5D2F9C36452B}.Debug|x86.ActiveCfg = Debug|Any CPU
		{BFFFD3A8-36AB-41A5-9E6F-5D2F9C36452B}.Debug|x86.Build.0 = Debug|Any CPU
		{BFFFD3A8-36AB-41A5-9E6F-5D2F9C36452B}.Release|Any CPU.ActiveCfg = Release|Any CPU
		{BFFFD3A8-36AB-41A5-9E6F-5D2F9C36452B}.Release|Any CPU.Build.0 = Release|Any CPU
		{BFFFD3A8-36AB-41A5-9E6F-5D2F9C36452B}.Release|x64.ActiveCfg = Release|Any CPU
		{BFFFD3A8-36AB-41A5-9E6F-5D2F9C36452B}.Release|x64.Build.0 = Release|Any CPU
		{BFFFD3A8-36AB-41A5-9E6F-5D2F9C36452B}.Release|x86.ActiveCfg = Release|Any CPU
		{BFFFD3A8-36AB-41A5-9E6F-5D2F9C36452B}.Release|x86.Build.0 = Release|Any CPU
		{DCAFD791-865F-4A7E-9ECD-9C2B75BEBF44}.Debug|Any CPU.ActiveCfg = Debug|Any CPU
		{DCAFD791-865F-4A7E-9ECD-9C2B75BEBF44}.Debug|Any CPU.Build.0 = Debug|Any CPU
		{DCAFD791-865F-4A7E-9ECD-9C2B75BEBF44}.Debug|x64.ActiveCfg = Debug|Any CPU
		{DCAFD791-865F-4A7E-9ECD-9C2B75BEBF44}.Debug|x64.Build.0 = Debug|Any CPU
		{DCAFD791-865F-4A7E-9ECD-9C2B75BEBF44}.Debug|x86.ActiveCfg = Debug|Any CPU
		{DCAFD791-865F-4A7E-9ECD-9C2B75BEBF44}.Debug|x86.Build.0 = Debug|Any CPU
		{DCAFD791-865F-4A7E-9ECD-9C2B75BEBF44}.Release|Any CPU.ActiveCfg = Release|Any CPU
		{DCAFD791-865F-4A7E-9ECD-9C2B75BEBF44}.Release|Any CPU.Build.0 = Release|Any CPU
		{DCAFD791-865F-4A7E-9ECD-9C2B75BEBF44}.Release|x64.ActiveCfg = Release|Any CPU
		{DCAFD791-865F-4A7E-9ECD-9C2B75BEBF44}.Release|x64.Build.0 = Release|Any CPU
		{DCAFD791-865F-4A7E-9ECD-9C2B75BEBF44}.Release|x86.ActiveCfg = Release|Any CPU
		{DCAFD791-865F-4A7E-9ECD-9C2B75BEBF44}.Release|x86.Build.0 = Release|Any CPU
	EndGlobalSection
	GlobalSection(SolutionProperties) = preSolution
		HideSolutionNode = FALSE
	EndGlobalSection
	GlobalSection(ExtensibilityGlobals) = postSolution
		SolutionGuid = {01DC901B-42B0-48EE-91DB-C3BBE7436018}
	EndGlobalSection
EndGlobal
